{
  "name": "goit-js-hw-07",
  "lockfileVersion": 3,
  "requires": true,
  "packages": {
    "": {
      "dependencies": {
        "basiclightbox": "^5.0.4",
        "simplelightbox": "^2.13.0"
      }
    },
    "node_modules/basiclightbox": {
      "version": "5.0.4",
      "resolved": "https://registry.npmjs.org/basiclightbox/-/basiclightbox-5.0.4.tgz",
      "integrity": "sha512-EsuNWmfcFXWZOe0txKXsllYOC7bDpoaVLc4HHHlYKB/roymlZs+FBdLUU6rx2yPpnJZhulwheKdPjqr2k0+NGQ=="
    },
    "node_modules/simplelightbox": {
      "version": "2.13.0",
      "resolved": "https://registry.npmjs.org/simplelightbox/-/simplelightbox-2.13.0.tgz",
      "integrity": "sha512-ZF8Aru0xazWuqI8OWGakNTkHgr5vVy40cKQ7JA0CiY3KBnkvSmffpS2xYimjAUyEV7lXLD3RXIqjLTx/BbzKaQ=="
    }
  }
}
